
Microsoft Visual Studio Solution File, Format Version 12.00
# Visual Studio Version 16
VisualStudioVersion = 16.0.30320.27
MinimumVisualStudioVersion = 10.0.40219.1
Project("{FAE04EC0-301F-11D3-BF4B-00C04F79EFBC}") = "Website", "Website\Website.csproj", "{C6FEEE5B-845A-47C0-BCCD-FEA61CD29A22}"
EndProject
Global
	GlobalSection(SolutionConfigurationPlatforms) = preSolution
		Debug|Any CPU = Debug|Any CPU
		Release|Any CPU = Release|Any CPU
	EndGlobalSection
	GlobalSection(ProjectConfigurationPlatforms) = postSolution
		{C6FEEE5B-845A-47C0-BCCD-FEA61CD29A22}.Debug|Any CPU.ActiveCfg = Debug|Any CPU
		{C6FEEE5B-845A-47C0-BCCD-FEA61CD29A22}.Debug|Any CPU.Build.0 = Debug|Any CPU
		{C6FEEE5B-845A-47C0-BCCD-FEA61CD29A22}.Release|Any CPU.ActiveCfg = Release|Any CPU
		{C6FEEE5B-845A-47C0-BCCD-FEA61CD29A22}.Release|Any CPU.Build.0 = Release|Any CPU
	EndGlobalSection
	GlobalSection(SolutionProperties) = preSolution
		HideSolutionNode = FALSE
	EndGlobalSection
	GlobalSection(ExtensibilityGlobals) = postSolution
		SolutionGuid = {56C65F30-6BBB-46DA-8BD1-D2DEB58F1792}
	EndGlobalSection
EndGlobal
